
Microsoft Visual Studio Solution File, Format Version 12.00
# Visual Studio Version 17
VisualStudioVersion = 17.14.36221.1
MinimumVisualStudioVersion = 10.0.40219.1
Project("{FAE04EC0-301F-11D3-BF4B-00C04F79EFBC}") = "AliasDirective.zh", "AliasDirective.zh.csproj", "{8200D517-D1DE-4060-A63D-2B27E06F6021}"
EndProject
Project("{FAE04EC0-301F-11D3-BF4B-00C04F79EFBC}") = "AliasDirective.spa", "AliasDirective.spa.csproj", "{9CC05176-AF91-E762-6B5D-49D69905E3B8}"
EndProject
Project("{FAE04EC0-301F-11D3-BF4B-00C04F79EFBC}") = "AliasDirective.Console", "..\AliasDirective.Console\AliasDirective.Console.csproj", "{2BF99D65-3313-4697-974C-9362269C36FE}"
EndProject
Project("{FAE04EC0-301F-11D3-BF4B-00C04F79EFBC}") = "DirectivaDeAlias", "..\DirectivaDeAlias\DirectivaDeAlias.csproj", "{6FC915C4-E992-48C1-A2EE-E901BD1D3C5B}"
EndProject
Project("{FAE04EC0-301F-11D3-BF4B-00C04F79EFBC}") = "使用別名", "..\使用別名\使用別名.csproj", "{4FC9060D-174A-4DBD-8B07-86F6E83DF0AF}"
EndProject
Global
	GlobalSection(SolutionConfigurationPlatforms) = preSolution
		Debug|Any CPU = Debug|Any CPU
		Release|Any CPU = Release|Any CPU
	EndGlobalSection
	GlobalSection(ProjectConfigurationPlatforms) = postSolution
		{8200D517-D1DE-4060-A63D-2B27E06F6021}.Debug|Any CPU.ActiveCfg = Debug|Any CPU
		{8200D517-D1DE-4060-A63D-2B27E06F6021}.Debug|Any CPU.Build.0 = Debug|Any CPU
		{8200D517-D1DE-4060-A63D-2B27E06F6021}.Release|Any CPU.ActiveCfg = Release|Any CPU
		{8200D517-D1DE-4060-A63D-2B27E06F6021}.Release|Any CPU.Build.0 = Release|Any CPU
		{9CC05176-AF91-E762-6B5D-49D69905E3B8}.Debug|Any CPU.ActiveCfg = Debug|Any CPU
		{9CC05176-AF91-E762-6B5D-49D69905E3B8}.Debug|Any CPU.Build.0 = Debug|Any CPU
		{9CC05176-AF91-E762-6B5D-49D69905E3B8}.Release|Any CPU.ActiveCfg = Release|Any CPU
		{9CC05176-AF91-E762-6B5D-49D69905E3B8}.Release|Any CPU.Build.0 = Release|Any CPU
		{2BF99D65-3313-4697-974C-9362269C36FE}.Debug|Any CPU.ActiveCfg = Debug|Any CPU
		{2BF99D65-3313-4697-974C-9362269C36FE}.Debug|Any CPU.Build.0 = Debug|Any CPU
		{2BF99D65-3313-4697-974C-9362269C36FE}.Release|Any CPU.ActiveCfg = Release|Any CPU
		{2BF99D65-3313-4697-974C-9362269C36FE}.Release|Any CPU.Build.0 = Release|Any CPU
		{6FC915C4-E992-48C1-A2EE-E901BD1D3C5B}.Debug|Any CPU.ActiveCfg = Debug|Any CPU
		{6FC915C4-E992-48C1-A2EE-E901BD1D3C5B}.Debug|Any CPU.Build.0 = Debug|Any CPU
		{6FC915C4-E992-48C1-A2EE-E901BD1D3C5B}.Release|Any CPU.ActiveCfg = Release|Any CPU
		{6FC915C4-E992-48C1-A2EE-E901BD1D3C5B}.Release|Any CPU.Build.0 = Release|Any CPU
		{4FC9060D-174A-4DBD-8B07-86F6E83DF0AF}.Debug|Any CPU.ActiveCfg = Debug|Any CPU
		{4FC9060D-174A-4DBD-8B07-86F6E83DF0AF}.Debug|Any CPU.Build.0 = Debug|Any CPU
		{4FC9060D-174A-4DBD-8B07-86F6E83DF0AF}.Release|Any CPU.ActiveCfg = Release|Any CPU
		{4FC9060D-174A-4DBD-8B07-86F6E83DF0AF}.Release|Any CPU.Build.0 = Release|Any CPU
	EndGlobalSection
	GlobalSection(SolutionProperties) = preSolution
		HideSolutionNode = FALSE
	EndGlobalSection
	GlobalSection(ExtensibilityGlobals) = postSolution
		SolutionGuid = {FC29D9B1-A006-48EF-8776-E05F8506C7B0}
	EndGlobalSection
EndGlobal
